
Microsoft Visual Studio Solution File, Format Version 12.00
# Visual Studio Version 17
VisualStudioVersion = 17.9.34728.123
MinimumVisualStudioVersion = 10.0.40219.1
Project("{FAE04EC0-301F-11D3-BF4B-00C04F79EFBC}") = "EmptyApp", "EmptyApp\EmptyApp.csproj", "{278F9EF8-0B4A-4FAA-9133-C01EF9927FEA}"
EndProject
Global
	GlobalSection(SolutionConfigurationPlatforms) = preSolution
		Debug|Any CPU = Debug|Any CPU
		Release|Any CPU = Release|Any CPU
	EndGlobalSection
	GlobalSection(ProjectConfigurationPlatforms) = postSolution
		{278F9EF8-0B4A-4FAA-9133-C01EF9927FEA}.Debug|Any CPU.ActiveCfg = Debug|Any CPU
		{278F9EF8-0B4A-4FAA-9133-C01EF9927FEA}.Debug|Any CPU.Build.0 = Debug|Any CPU
		{278F9EF8-0B4A-4FAA-9133-C01EF9927FEA}.Release|Any CPU.ActiveCfg = Release|Any CPU
		{278F9EF8-0B4A-4FAA-9133-C01EF9927FEA}.Release|Any CPU.Build.0 = Release|Any CPU
	EndGlobalSection
	GlobalSection(SolutionProperties) = preSolution
		HideSolutionNode = FALSE
	EndGlobalSection
	GlobalSection(ExtensibilityGlobals) = postSolution
		SolutionGuid = {AD5CE84E-03B4-44E3-9491-082B81852764}
	EndGlobalSection
EndGlobal
